{
  "name": "@tonguetoquill/collection",
  "version": "0.6.1",
  "lockfileVersion": 3,
  "requires": true,
  "packages": {
    "": {
      "name": "@tonguetoquill/collection",
      "version": "0.6.1",
      "devDependencies": {
        "@quillmark/registry": "^0.10.0",
        "@quillmark/wasm": "^0.46.0"
      }
    },
    "node_modules/@quillmark/registry": {
      "version": "0.10.0",
      "resolved": "https://registry.npmjs.org/@quillmark/registry/-/registry-0.10.0.tgz",
      "integrity": "sha512-jB63oo2np6HTZTkuITJkJjV/yKV0mI86E8B7TVknbzjex8h76c817qbLIU+g0FGpeMK8FZXKvkvSX3vPexjuOA==",
      "dev": true,
      "license": "Apache-2.0",
      "dependencies": {
        "fflate": "^0.8.2"
      },
      "peerDependencies": {
        "@quillmark/wasm": ">=0.46.0"
      },
      "peerDependenciesMeta": {
        "@quillmark/wasm": {
          "optional": false
        }
      }
    },
    "node_modules/@quillmark/wasm": {
      "version": "0.46.0",
      "resolved": "https://registry.npmjs.org/@quillmark/wasm/-/wasm-0.46.0.tgz",
      "integrity": "sha512-5dJU+90ofKM7a5Fz1ZAg48m9y1isqRyMB1X09IK1WcJg/Bi3e4XEuZobsVeHKB5BnqLgnl5pzv6iFMPXZ/Ac8Q==",
      "dev": true,
      "license": "MIT OR Apache-2.0",
      "peer": true
    },
    "node_modules/fflate": {
      "version": "0.8.2",
      "resolved": "https://registry.npmjs.org/fflate/-/fflate-0.8.2.tgz",
      "integrity": "sha512-cPJU47OaAoCbg0pBvzsgpTPhmhqI5eJjh/JIu8tPj5q+T7iLvW/JAYUqmE7KOB4R1ZyEhzBaIQpQpardBF5z8A==",
      "dev": true,
      "license": "MIT"
    }
  }
}
